
Microsoft Visual Studio Solution File, Format Version 12.00
# Visual Studio 15
VisualStudioVersion = 15.0.26228.4
MinimumVisualStudioVersion = 10.0.40219.1
Project("{FAE04EC0-301F-11D3-BF4B-00C04F79EFBC}") = "HomeFormAsynk", "..\HomeForms\HomeFormAsynk\HomeFormAsynk.csproj", "{1D0F0D9A-CE68-45A8-B188-E7DC366A0741}"
EndProject
Project("{FAE04EC0-301F-11D3-BF4B-00C04F79EFBC}") = "FormsPart1", "..\HomeForms\FormsPart1\FormsPart1.csproj", "{A11849AD-B24C-4CAF-B951-6E76D7CFF453}"
EndProject
Global
	GlobalSection(SolutionConfigurationPlatforms) = preSolution
		Debug|Any CPU = Debug|Any CPU
		Release|Any CPU = Release|Any CPU
	EndGlobalSection
	GlobalSection(ProjectConfigurationPlatforms) = postSolution
		{1D0F0D9A-CE68-45A8-B188-E7DC366A0741}.Debug|Any CPU.ActiveCfg = Debug|Any CPU
		{1D0F0D9A-CE68-45A8-B188-E7DC366A0741}.Debug|Any CPU.Build.0 = Debug|Any CPU
		{1D0F0D9A-CE68-45A8-B188-E7DC366A0741}.Release|Any CPU.ActiveCfg = Release|Any CPU
		{1D0F0D9A-CE68-45A8-B188-E7DC366A0741}.Release|Any CPU.Build.0 = Release|Any CPU
		{A11849AD-B24C-4CAF-B951-6E76D7CFF453}.Debug|Any CPU.ActiveCfg = Debug|Any CPU
		{A11849AD-B24C-4CAF-B951-6E76D7CFF453}.Debug|Any CPU.Build.0 = Debug|Any CPU
		{A11849AD-B24C-4CAF-B951-6E76D7CFF453}.Release|Any CPU.ActiveCfg = Release|Any CPU
		{A11849AD-B24C-4CAF-B951-6E76D7CFF453}.Release|Any CPU.Build.0 = Release|Any CPU
	EndGlobalSection
	GlobalSection(SolutionProperties) = preSolution
		HideSolutionNode = FALSE
	EndGlobalSection
EndGlobal
